
Microsoft Visual Studio Solution File, Format Version 12.00
# Visual Studio Version 16
VisualStudioVersion = 16.0.31410.357
MinimumVisualStudioVersion = 10.0.40219.1
Project("{8BC9CEB8-8B4A-11D0-8D11-00A0C91BC942}") = "see_chess", "see_chess\see_chess.vcxproj", "{BB5520AD-14FC-4B59-B2D8-16B6B152BE3A}"
EndProject
Global
	GlobalSection(SolutionConfigurationPlatforms) = preSolution
		Debug|x64 = Debug|x64
		Debug|x86 = Debug|x86
		Release|x64 = Release|x64
		Release|x86 = Release|x86
	EndGlobalSection
	GlobalSection(ProjectConfigurationPlatforms) = postSolution
		{BB5520AD-14FC-4B59-B2D8-16B6B152BE3A}.Debug|x64.ActiveCfg = Debug|x64
		{BB5520AD-14FC-4B59-B2D8-16B6B152BE3A}.Debug|x64.Build.0 = Debug|x64
		{BB5520AD-14FC-4B59-B2D8-16B6B152BE3A}.Debug|x86.ActiveCfg = Debug|Win32
		{BB5520AD-14FC-4B59-B2D8-16B6B152BE3A}.Debug|x86.Build.0 = Debug|Win32
		{BB5520AD-14FC-4B59-B2D8-16B6B152BE3A}.Release|x64.ActiveCfg = Release|x64
		{BB5520AD-14FC-4B59-B2D8-16B6B152BE3A}.Release|x64.Build.0 = Release|x64
		{BB5520AD-14FC-4B59-B2D8-16B6B152BE3A}.Release|x86.ActiveCfg = Release|Win32
		{BB5520AD-14FC-4B59-B2D8-16B6B152BE3A}.Release|x86.Build.0 = Release|Win32
	EndGlobalSection
	GlobalSection(SolutionProperties) = preSolution
		HideSolutionNode = FALSE
	EndGlobalSection
	GlobalSection(ExtensibilityGlobals) = postSolution
		SolutionGuid = {C3799D65-2850-4655-A4D9-CB58E1ECC059}
	EndGlobalSection
EndGlobal
